
Microsoft Visual Studio Solution File, Format Version 12.00
# Visual Studio Version 17
VisualStudioVersion = 17.1.32210.238
MinimumVisualStudioVersion = 10.0.40219.1
Project("{8BC9CEB8-8B4A-11D0-8D11-00A0C91BC942}") = "week1_class", "week1_class\week1_class.vcxproj", "{D4196D9D-E03C-4D20-B9D8-88B69BB4C4DB}"
EndProject
Project("{8BC9CEB8-8B4A-11D0-8D11-00A0C91BC942}") = "week1_homework", "week1_homework\week1_homework.vcxproj", "{435B3627-6E53-429F-9CE9-C8F1CBEC300A}"
EndProject
Project("{8BC9CEB8-8B4A-11D0-8D11-00A0C91BC942}") = "week1_homework2", "week1_homework2\week1_homework2.vcxproj", "{C8F93D0C-4739-4BB3-94D8-A7E0880F07C4}"
EndProject
Project("{8BC9CEB8-8B4A-11D0-8D11-00A0C91BC942}") = "week1_class1.3", "week1_class1.3\week1_class1.3.vcxproj", "{E9553C65-2C4B-49FF-8A80-7B87CC53DB2E}"
EndProject
Project("{8BC9CEB8-8B4A-11D0-8D11-00A0C91BC942}") = "week1_class1.4", "week1_class1.4\week1_class1.4.vcxproj", "{1CC10FC7-03D0-4B80-B405-3D9C99B10706}"
EndProject
Project("{8BC9CEB8-8B4A-11D0-8D11-00A0C91BC942}") = "week2_class1", "week2_class1\week2_class1.vcxproj", "{9D9C2BB3-CE6F-43B8-AC8A-6742A9A34B12}"
EndProject
Project("{8BC9CEB8-8B4A-11D0-8D11-00A0C91BC942}") = "week2_class2", "week2_class2\week2_class2.vcxproj", "{3D743CE3-7743-475C-A2F8-C7964AD9E65F}"
EndProject
Project("{8BC9CEB8-8B4A-11D0-8D11-00A0C91BC942}") = "week2_class3", "week2_class3\week2_class3.vcxproj", "{1B288DBA-3ADF-488F-8865-63BC8081787D}"
EndProject
Project("{8BC9CEB8-8B4A-11D0-8D11-00A0C91BC942}") = "week2_class4", "week2_class4\week2_class4.vcxproj", "{DE07FE40-38D5-4ED4-8844-0920680785FA}"
EndProject
Project("{8BC9CEB8-8B4A-11D0-8D11-00A0C91BC942}") = "week2_homework1", "week2_homework1\week2_homework1.vcxproj", "{2CBA342F-9C4C-44A1-B5DC-44BEE8EAC655}"
EndProject
Project("{8BC9CEB8-8B4A-11D0-8D11-00A0C91BC942}") = "week2_homework3", "week2_homework3\week2_homework3.vcxproj", "{66533B69-68F4-4025-B817-324BF4331114}"
EndProject
Project("{8BC9CEB8-8B4A-11D0-8D11-00A0C91BC942}") = "week2_homework2", "week2_homework2\week2_homework2.vcxproj", "{5332EC9A-38FE-4225-A92A-34FFCA848FB8}"
EndProject
Project("{8BC9CEB8-8B4A-11D0-8D11-00A0C91BC942}") = "week3_class1", "week3_class1\week3_class1.vcxproj", "{6B04110E-521B-4C2B-A18A-5E9F1F8578DA}"
EndProject
Project("{8BC9CEB8-8B4A-11D0-8D11-00A0C91BC942}") = "week3_class2", "week3_class2\week3_class2.vcxproj", "{D81B1008-102B-4287-8E02-E7172C5D3405}"
EndProject
Project("{8BC9CEB8-8B4A-11D0-8D11-00A0C91BC942}") = "week3_class3", "week3_class3\week3_class3.vcxproj", "{65814B92-9B72-4A41-9D00-DD5C6EF1F923}"
EndProject
Project("{8BC9CEB8-8B4A-11D0-8D11-00A0C91BC942}") = "week3_class4", "week3_class4\week3_class4.vcxproj", "{33D1020F-B64A-4CFF-AFF1-D4DFB234DA97}"
EndProject
Project("{8BC9CEB8-8B4A-11D0-8D11-00A0C91BC942}") = "week3_homework1", "week3_homework1\week3_homework1.vcxproj", "{66AD23FA-1B53-4DF0-9298-8DC889169BDF}"
EndProject
Project("{8BC9CEB8-8B4A-11D0-8D11-00A0C91BC942}") = "week3_homework2", "week3_homework2\week3_homework2.vcxproj", "{F3DA5629-F12F-42B1-A05E-6D3543C73D4C}"
EndProject
Project("{8BC9CEB8-8B4A-11D0-8D11-00A0C91BC942}") = "week3_homework3", "week3_homework3\week3_homework3.vcxproj", "{6618C91B-3CF3-4273-845B-D705AA9ED969}"
EndProject
Project("{8BC9CEB8-8B4A-11D0-8D11-00A0C91BC942}") = "week3_class5", "week3_class5\week3_class5.vcxproj", "{D639EA89-770A-49A8-AB42-28B419FF3574}"
EndProject
Project("{8BC9CEB8-8B4A-11D0-8D11-00A0C91BC942}") = "week3_homework4", "week3_homework4\week3_homework4.vcxproj", "{1E39D6DD-F1C6-4028-B867-50A91FCA7420}"
EndProject
Global
	GlobalSection(SolutionConfigurationPlatforms) = preSolution
		Debug|x64 = Debug|x64
		Debug|x86 = Debug|x86
		Release|x64 = Release|x64
		Release|x86 = Release|x86
	EndGlobalSection
	GlobalSection(ProjectConfigurationPlatforms) = postSolution
		{D4196D9D-E03C-4D20-B9D8-88B69BB4C4DB}.Debug|x64.ActiveCfg = Debug|x64
		{D4196D9D-E03C-4D20-B9D8-88B69BB4C4DB}.Debug|x64.Build.0 = Debug|x64
		{D4196D9D-E03C-4D20-B9D8-88B69BB4C4DB}.Debug|x86.ActiveCfg = Debug|Win32
		{D4196D9D-E03C-4D20-B9D8-88B69BB4C4DB}.Debug|x86.Build.0 = Debug|Win32
		{D4196D9D-E03C-4D20-B9D8-88B69BB4C4DB}.Release|x64.ActiveCfg = Release|x64
		{D4196D9D-E03C-4D20-B9D8-88B69BB4C4DB}.Release|x64.Build.0 = Release|x64
		{D4196D9D-E03C-4D20-B9D8-88B69BB4C4DB}.Release|x86.ActiveCfg = Release|Win32
		{D4196D9D-E03C-4D20-B9D8-88B69BB4C4DB}.Release|x86.Build.0 = Release|Win32
		{435B3627-6E53-429F-9CE9-C8F1CBEC300A}.Debug|x64.ActiveCfg = Debug|x64
		{435B3627-6E53-429F-9CE9-C8F1CBEC300A}.Debug|x64.Build.0 = Debug|x64
		{435B3627-6E53-429F-9CE9-C8F1CBEC300A}.Debug|x86.ActiveCfg = Debug|Win32
		{435B3627-6E53-429F-9CE9-C8F1CBEC300A}.Debug|x86.Build.0 = Debug|Win32
		{435B3627-6E53-429F-9CE9-C8F1CBEC300A}.Release|x64.ActiveCfg = Release|x64
		{435B3627-6E53-429F-9CE9-C8F1CBEC300A}.Release|x64.Build.0 = Release|x64
		{435B3627-6E53-429F-9CE9-C8F1CBEC300A}.Release|x86.ActiveCfg = Release|Win32
		{435B3627-6E53-429F-9CE9-C8F1CBEC300A}.Release|x86.Build.0 = Release|Win32
		{C8F93D0C-4739-4BB3-94D8-A7E0880F07C4}.Debug|x64.ActiveCfg = Debug|x64
		{C8F93D0C-4739-4BB3-94D8-A7E0880F07C4}.Debug|x64.Build.0 = Debug|x64
		{C8F93D0C-4739-4BB3-94D8-A7E0880F07C4}.Debug|x86.ActiveCfg = Debug|Win32
		{C8F93D0C-4739-4BB3-94D8-A7E0880F07C4}.Debug|x86.Build.0 = Debug|Win32
		{C8F93D0C-4739-4BB3-94D8-A7E0880F07C4}.Release|x64.ActiveCfg = Release|x64
		{C8F93D0C-4739-4BB3-94D8-A7E0880F07C4}.Release|x64.Build.0 = Release|x64
		{C8F93D0C-4739-4BB3-94D8-A7E0880F07C4}.Release|x86.ActiveCfg = Release|Win32
		{C8F93D0C-4739-4BB3-94D8-A7E0880F07C4}.Release|x86.Build.0 = Release|Win32
		{E9553C65-2C4B-49FF-8A80-7B87CC53DB2E}.Debug|x64.ActiveCfg = Debug|x64
		{E9553C65-2C4B-49FF-8A80-7B87CC53DB2E}.Debug|x64.Build.0 = Debug|x64
		{E9553C65-2C4B-49FF-8A80-7B87CC53DB2E}.Debug|x86.ActiveCfg = Debug|Win32
		{E9553C65-2C4B-49FF-8A80-7B87CC53DB2E}.Debug|x86.Build.0 = Debug|Win32
		{E9553C65-2C4B-49FF-8A80-7B87CC53DB2E}.Release|x64.ActiveCfg = Release|x64
		{E9553C65-2C4B-49FF-8A80-7B87CC53DB2E}.Release|x64.Build.0 = Release|x64
		{E9553C65-2C4B-49FF-8A80-7B87CC53DB2E}.Release|x86.ActiveCfg = Release|Win32
		{E9553C65-2C4B-49FF-8A80-7B87CC53DB2E}.Release|x86.Build.0 = Release|Win32
		{1CC10FC7-03D0-4B80-B405-3D9C99B10706}.Debug|x64.ActiveCfg = Debug|x64
		{1CC10FC7-03D0-4B80-B405-3D9C99B10706}.Debug|x64.Build.0 = Debug|x64
		{1CC10FC7-03D0-4B80-B405-3D9C99B10706}.Debug|x86.ActiveCfg = Debug|Win32
		{1CC10FC7-03D0-4B80-B405-3D9C99B10706}.Debug|x86.Build.0 = Debug|Win32
		{1CC10FC7-03D0-4B80-B405-3D9C99B10706}.Release|x64.ActiveCfg = Release|x64
		{1CC10FC7-03D0-4B80-B405-3D9C99B10706}.Release|x64.Build.0 = Release|x64
		{1CC10FC7-03D0-4B80-B405-3D9C99B10706}.Release|x86.ActiveCfg = Release|Win32
		{1CC10FC7-03D0-4B80-B405-3D9C99B10706}.Release|x86.Build.0 = Release|Win32
		{9D9C2BB3-CE6F-43B8-AC8A-6742A9A34B12}.Debug|x64.ActiveCfg = Debug|x64
		{9D9C2BB3-CE6F-43B8-AC8A-6742A9A34B12}.Debug|x64.Build.0 = Debug|x64
		{9D9C2BB3-CE6F-43B8-AC8A-6742A9A34B12}.Debug|x86.ActiveCfg = Debug|Win32
		{9D9C2BB3-CE6F-43B8-AC8A-6742A9A34B12}.Debug|x86.Build.0 = Debug|Win32
		{9D9C2BB3-CE6F-43B8-AC8A-6742A9A34B12}.Release|x64.ActiveCfg = Release|x64
		{9D9C2BB3-CE6F-43B8-AC8A-6742A9A34B12}.Release|x64.Build.0 = Release|x64
		{9D9C2BB3-CE6F-43B8-AC8A-6742A9A34B12}.Release|x86.ActiveCfg = Release|Win32
		{9D9C2BB3-CE6F-43B8-AC8A-6742A9A34B12}.Release|x86.Build.0 = Release|Win32
		{3D743CE3-7743-475C-A2F8-C7964AD9E65F}.Debug|x64.ActiveCfg = Debug|x64
		{3D743CE3-7743-475C-A2F8-C7964AD9E65F}.Debug|x64.Build.0 = Debug|x64
		{3D743CE3-7743-475C-A2F8-C7964AD9E65F}.Debug|x86.ActiveCfg = Debug|Win32
		{3D743CE3-7743-475C-A2F8-C7964AD9E65F}.Debug|x86.Build.0 = Debug|Win32
		{3D743CE3-7743-475C-A2F8-C7964AD9E65F}.Release|x64.ActiveCfg = Release|x64
		{3D743CE3-7743-475C-A2F8-C7964AD9E65F}.Release|x64.Build.0 = Release|x64
		{3D743CE3-7743-475C-A2F8-C7964AD9E65F}.Release|x86.ActiveCfg = Release|Win32
		{3D743CE3-7743-475C-A2F8-C7964AD9E65F}.Release|x86.Build.0 = Release|Win32
		{1B288DBA-3ADF-488F-8865-63BC8081787D}.Debug|x64.ActiveCfg = Debug|x64
		{1B288DBA-3ADF-488F-8865-63BC8081787D}.Debug|x64.Build.0 = Debug|x64
		{1B288DBA-3ADF-488F-8865-63BC8081787D}.Debug|x86.ActiveCfg = Debug|Win32
		{1B288DBA-3ADF-488F-8865-63BC8081787D}.Debug|x86.Build.0 = Debug|Win32
		{1B288DBA-3ADF-488F-8865-63BC8081787D}.Release|x64.ActiveCfg = Release|x64
		{1B288DBA-3ADF-488F-8865-63BC8081787D}.Release|x64.Build.0 = Release|x64
		{1B288DBA-3ADF-488F-8865-63BC8081787D}.Release|x86.ActiveCfg = Release|Win32
		{1B288DBA-3ADF-488F-8865-63BC8081787D}.Release|x86.Build.0 = Release|Win32
		{DE07FE40-38D5-4ED4-8844-0920680785FA}.Debug|x64.ActiveCfg = Debug|x64
		{DE07FE40-38D5-4ED4-8844-0920680785FA}.Debug|x64.Build.0 = Debug|x64
		{DE07FE40-38D5-4ED4-8844-0920680785FA}.Debug|x86.ActiveCfg = Debug|Win32
		{DE07FE40-38D5-4ED4-8844-0920680785FA}.Debug|x86.Build.0 = Debug|Win32
		{DE07FE40-38D5-4ED4-8844-0920680785FA}.Release|x64.ActiveCfg = Release|x64
		{DE07FE40-38D5-4ED4-8844-0920680785FA}.Release|x64.Build.0 = Release|x64
		{DE07FE40-38D5-4ED4-8844-0920680785FA}.Release|x86.ActiveCfg = Release|Win32
		{DE07FE40-38D5-4ED4-8844-0920680785FA}.Release|x86.Build.0 = Release|Win32
		{2CBA342F-9C4C-44A1-B5DC-44BEE8EAC655}.Debug|x64.ActiveCfg = Debug|x64
		{2CBA342F-9C4C-44A1-B5DC-44BEE8EAC655}.Debug|x64.Build.0 = Debug|x64
		{2CBA342F-9C4C-44A1-B5DC-44BEE8EAC655}.Debug|x86.ActiveCfg = Debug|Win32
		{2CBA342F-9C4C-44A1-B5DC-44BEE8EAC655}.Debug|x86.Build.0 = Debug|Win32
		{2CBA342F-9C4C-44A1-B5DC-44BEE8EAC655}.Release|x64.ActiveCfg = Release|x64
		{2CBA342F-9C4C-44A1-B5DC-44BEE8EAC655}.Release|x64.Build.0 = Release|x64
		{2CBA342F-9C4C-44A1-B5DC-44BEE8EAC655}.Release|x86.ActiveCfg = Release|Win32
		{2CBA342F-9C4C-44A1-B5DC-44BEE8EAC655}.Release|x86.Build.0 = Release|Win32
		{66533B69-68F4-4025-B817-324BF4331114}.Debug|x64.ActiveCfg = Debug|x64
		{66533B69-68F4-4025-B817-324BF4331114}.Debug|x64.Build.0 = Debug|x64
		{66533B69-68F4-4025-B817-324BF4331114}.Debug|x86.ActiveCfg = Debug|Win32
		{66533B69-68F4-4025-B817-324BF4331114}.Debug|x86.Build.0 = Debug|Win32
		{66533B69-68F4-4025-B817-324BF4331114}.Release|x64.ActiveCfg = Release|x64
		{66533B69-68F4-4025-B817-324BF4331114}.Release|x64.Build.0 = Release|x64
		{66533B69-68F4-4025-B817-324BF4331114}.Release|x86.ActiveCfg = Release|Win32
		{66533B69-68F4-4025-B817-324BF4331114}.Release|x86.Build.0 = Release|Win32
		{5332EC9A-38FE-4225-A92A-34FFCA848FB8}.Debug|x64.ActiveCfg = Debug|x64
		{5332EC9A-38FE-4225-A92A-34FFCA848FB8}.Debug|x64.Build.0 = Debug|x64
		{5332EC9A-38FE-4225-A92A-34FFCA848FB8}.Debug|x86.ActiveCfg = Debug|Win32
		{5332EC9A-38FE-4225-A92A-34FFCA848FB8}.Debug|x86.Build.0 = Debug|Win32
		{5332EC9A-38FE-4225-A92A-34FFCA848FB8}.Release|x64.ActiveCfg = Release|x64
		{5332EC9A-38FE-4225-A92A-34FFCA848FB8}.Release|x64.Build.0 = Release|x64
		{5332EC9A-38FE-4225-A92A-34FFCA848FB8}.Release|x86.ActiveCfg = Release|Win32
		{5332EC9A-38FE-4225-A92A-34FFCA848FB8}.Release|x86.Build.0 = Release|Win32
		{6B04110E-521B-4C2B-A18A-5E9F1F8578DA}.Debug|x64.ActiveCfg = Debug|x64
		{6B04110E-521B-4C2B-A18A-5E9F1F8578DA}.Debug|x64.Build.0 = Debug|x64
		{6B04110E-521B-4C2B-A18A-5E9F1F8578DA}.Debug|x86.ActiveCfg = Debug|Win32
		{6B04110E-521B-4C2B-A18A-5E9F1F8578DA}.Debug|x86.Build.0 = Debug|Win32
		{6B04110E-521B-4C2B-A18A-5E9F1F8578DA}.Release|x64.ActiveCfg = Release|x64
		{6B04110E-521B-4C2B-A18A-5E9F1F8578DA}.Release|x64.Build.0 = Release|x64
		{6B04110E-521B-4C2B-A18A-5E9F1F8578DA}.Release|x86.ActiveCfg = Release|Win32
		{6B04110E-521B-4C2B-A18A-5E9F1F8578DA}.Release|x86.Build.0 = Release|Win32
		{D81B1008-102B-4287-8E02-E7172C5D3405}.Debug|x64.ActiveCfg = Debug|x64
		{D81B1008-102B-4287-8E02-E7172C5D3405}.Debug|x64.Build.0 = Debug|x64
		{D81B1008-102B-4287-8E02-E7172C5D3405}.Debug|x86.ActiveCfg = Debug|Win32
		{D81B1008-102B-4287-8E02-E7172C5D3405}.Debug|x86.Build.0 = Debug|Win32
		{D81B1008-102B-4287-8E02-E7172C5D3405}.Release|x64.ActiveCfg = Release|x64
		{D81B1008-102B-4287-8E02-E7172C5D3405}.Release|x64.Build.0 = Release|x64
		{D81B1008-102B-4287-8E02-E7172C5D3405}.Release|x86.ActiveCfg = Release|Win32
		{D81B1008-102B-4287-8E02-E7172C5D3405}.Release|x86.Build.0 = Release|Win32
		{65814B92-9B72-4A41-9D00-DD5C6EF1F923}.Debug|x64.ActiveCfg = Debug|x64
		{65814B92-9B72-4A41-9D00-DD5C6EF1F923}.Debug|x64.Build.0 = Debug|x64
		{65814B92-9B72-4A41-9D00-DD5C6EF1F923}.Debug|x86.ActiveCfg = Debug|Win32
		{65814B92-9B72-4A41-9D00-DD5C6EF1F923}.Debug|x86.Build.0 = Debug|Win32
		{65814B92-9B72-4A41-9D00-DD5C6EF1F923}.Release|x64.ActiveCfg = Release|x64
		{65814B92-9B72-4A41-9D00-DD5C6EF1F923}.Release|x64.Build.0 = Release|x64
		{65814B92-9B72-4A41-9D00-DD5C6EF1F923}.Release|x86.ActiveCfg = Release|Win32
		{65814B92-9B72-4A41-9D00-DD5C6EF1F923}.Release|x86.Build.0 = Release|Win32
		{33D1020F-B64A-4CFF-AFF1-D4DFB234DA97}.Debug|x64.ActiveCfg = Debug|x64
		{33D1020F-B64A-4CFF-AFF1-D4DFB234DA97}.Debug|x64.Build.0 = Debug|x64
		{33D1020F-B64A-4CFF-AFF1-D4DFB234DA97}.Debug|x86.ActiveCfg = Debug|Win32
		{33D1020F-B64A-4CFF-AFF1-D4DFB234DA97}.Debug|x86.Build.0 = Debug|Win32
		{33D1020F-B64A-4CFF-AFF1-D4DFB234DA97}.Release|x64.ActiveCfg = Release|x64
		{33D1020F-B64A-4CFF-AFF1-D4DFB234DA97}.Release|x64.Build.0 = Release|x64
		{33D1020F-B64A-4CFF-AFF1-D4DFB234DA97}.Release|x86.ActiveCfg = Release|Win32
		{33D1020F-B64A-4CFF-AFF1-D4DFB234DA97}.Release|x86.Build.0 = Release|Win32
		{66AD23FA-1B53-4DF0-9298-8DC889169BDF}.Debug|x64.ActiveCfg = Debug|x64
		{66AD23FA-1B53-4DF0-9298-8DC889169BDF}.Debug|x64.Build.0 = Debug|x64
		{66AD23FA-1B53-4DF0-9298-8DC889169BDF}.Debug|x86.ActiveCfg = Debug|Win32
		{66AD23FA-1B53-4DF0-9298-8DC889169BDF}.Debug|x86.Build.0 = Debug|Win32
		{66AD23FA-1B53-4DF0-9298-8DC889169BDF}.Release|x64.ActiveCfg = Release|x64
		{66AD23FA-1B53-4DF0-9298-8DC889169BDF}.Release|x64.Build.0 = Release|x64
		{66AD23FA-1B53-4DF0-9298-8DC889169BDF}.Release|x86.ActiveCfg = Release|Win32
		{66AD23FA-1B53-4DF0-9298-8DC889169BDF}.Release|x86.Build.0 = Release|Win32
		{F3DA5629-F12F-42B1-A05E-6D3543C73D4C}.Debug|x64.ActiveCfg = Debug|x64
		{F3DA5629-F12F-42B1-A05E-6D3543C73D4C}.Debug|x64.Build.0 = Debug|x64
		{F3DA5629-F12F-42B1-A05E-6D3543C73D4C}.Debug|x86.ActiveCfg = Debug|Win32
		{F3DA5629-F12F-42B1-A05E-6D3543C73D4C}.Debug|x86.Build.0 = Debug|Win32
		{F3DA5629-F12F-42B1-A05E-6D3543C73D4C}.Release|x64.ActiveCfg = Release|x64
		{F3DA5629-F12F-42B1-A05E-6D3543C73D4C}.Release|x64.Build.0 = Release|x64
		{F3DA5629-F12F-42B1-A05E-6D3543C73D4C}.Release|x86.ActiveCfg = Release|Win32
		{F3DA5629-F12F-42B1-A05E-6D3543C73D4C}.Release|x86.Build.0 = Release|Win32
		{6618C91B-3CF3-4273-845B-D705AA9ED969}.Debug|x64.ActiveCfg = Debug|x64
		{6618C91B-3CF3-4273-845B-D705AA9ED969}.Debug|x64.Build.0 = Debug|x64
		{6618C91B-3CF3-4273-845B-D705AA9ED969}.Debug|x86.ActiveCfg = Debug|Win32
		{6618C91B-3CF3-4273-845B-D705AA9ED969}.Debug|x86.Build.0 = Debug|Win32
		{6618C91B-3CF3-4273-845B-D705AA9ED969}.Release|x64.ActiveCfg = Release|x64
		{6618C91B-3CF3-4273-845B-D705AA9ED969}.Release|x64.Build.0 = Release|x64
		{6618C91B-3CF3-4273-845B-D705AA9ED969}.Release|x86.ActiveCfg = Release|Win32
		{6618C91B-3CF3-4273-845B-D705AA9ED969}.Release|x86.Build.0 = Release|Win32
		{D639EA89-770A-49A8-AB42-28B419FF3574}.Debug|x64.ActiveCfg = Debug|x64
		{D639EA89-770A-49A8-AB42-28B419FF3574}.Debug|x64.Build.0 = Debug|x64
		{D639EA89-770A-49A8-AB42-28B419FF3574}.Debug|x86.ActiveCfg = Debug|Win32
		{D639EA89-770A-49A8-AB42-28B419FF3574}.Debug|x86.Build.0 = Debug|Win32
		{D639EA89-770A-49A8-AB42-28B419FF3574}.Release|x64.ActiveCfg = Release|x64
		{D639EA89-770A-49A8-AB42-28B419FF3574}.Release|x64.Build.0 = Release|x64
		{D639EA89-770A-49A8-AB42-28B419FF3574}.Release|x86.ActiveCfg = Release|Win32
		{D639EA89-770A-49A8-AB42-28B419FF3574}.Release|x86.Build.0 = Release|Win32
		{1E39D6DD-F1C6-4028-B867-50A91FCA7420}.Debug|x64.ActiveCfg = Debug|x64
		{1E39D6DD-F1C6-4028-B867-50A91FCA7420}.Debug|x64.Build.0 = Debug|x64
		{1E39D6DD-F1C6-4028-B867-50A91FCA7420}.Debug|x86.ActiveCfg = Debug|Win32
		{1E39D6DD-F1C6-4028-B867-50A91FCA7420}.Debug|x86.Build.0 = Debug|Win32
		{1E39D6DD-F1C6-4028-B867-50A91FCA7420}.Release|x64.ActiveCfg = Release|x64
		{1E39D6DD-F1C6-4028-B867-50A91FCA7420}.Release|x64.Build.0 = Release|x64
		{1E39D6DD-F1C6-4028-B867-50A91FCA7420}.Release|x86.ActiveCfg = Release|Win32
		{1E39D6DD-F1C6-4028-B867-50A91FCA7420}.Release|x86.Build.0 = Release|Win32
	EndGlobalSection
	GlobalSection(SolutionProperties) = preSolution
		HideSolutionNode = FALSE
	EndGlobalSection
	GlobalSection(ExtensibilityGlobals) = postSolution
		SolutionGuid = {D3155F10-0399-4795-B431-FB333C1E5D81}
	EndGlobalSection
EndGlobal
